
Microsoft Visual Studio Solution File, Format Version 12.00
# Visual Studio 15
VisualStudioVersion = 15.0.26730.16
MinimumVisualStudioVersion = 10.0.40219.1
Project("{FAE04EC0-301F-11D3-BF4B-00C04F79EFBC}") = "PaintApplication2", "PaintApplication2\PaintApplication2.csproj", "{D5AA1363-282B-4BEC-89DD-C32C6CDEADFD}"
EndProject
Global
	GlobalSection(SolutionConfigurationPlatforms) = preSolution
		Debug|Any CPU = Debug|Any CPU
		Release|Any CPU = Release|Any CPU
	EndGlobalSection
	GlobalSection(ProjectConfigurationPlatforms) = postSolution
		{D5AA1363-282B-4BEC-89DD-C32C6CDEADFD}.Debug|Any CPU.ActiveCfg = Debug|Any CPU
		{D5AA1363-282B-4BEC-89DD-C32C6CDEADFD}.Debug|Any CPU.Build.0 = Debug|Any CPU
		{D5AA1363-282B-4BEC-89DD-C32C6CDEADFD}.Release|Any CPU.ActiveCfg = Release|Any CPU
		{D5AA1363-282B-4BEC-89DD-C32C6CDEADFD}.Release|Any CPU.Build.0 = Release|Any CPU
	EndGlobalSection
	GlobalSection(SolutionProperties) = preSolution
		HideSolutionNode = FALSE
	EndGlobalSection
	GlobalSection(ExtensibilityGlobals) = postSolution
		SolutionGuid = {358A4B3F-5E35-4934-843D-E9DBF6713E0B}
	EndGlobalSection
EndGlobal
